
Microsoft Visual Studio Solution File, Format Version 12.00
# Visual Studio Version 17
VisualStudioVersion = 17.14.36429.23 d17.14
MinimumVisualStudioVersion = 10.0.40219.1
Project("{8BC9CEB8-8B4A-11D0-8D11-00A0C91BC942}") = "1.helloworld", "1.helloworld.vcxproj", "{5EAD2A9E-8CE8-4F2A-9604-D80E589832DD}"
EndProject
Global
	GlobalSection(SolutionConfigurationPlatforms) = preSolution
		Debug|x64 = Debug|x64
		Debug|x86 = Debug|x86
		Release|x64 = Release|x64
		Release|x86 = Release|x86
	EndGlobalSection
	GlobalSection(ProjectConfigurationPlatforms) = postSolution
		{5EAD2A9E-8CE8-4F2A-9604-D80E589832DD}.Debug|x64.ActiveCfg = Debug|x64
		{5EAD2A9E-8CE8-4F2A-9604-D80E589832DD}.Debug|x64.Build.0 = Debug|x64
		{5EAD2A9E-8CE8-4F2A-9604-D80E589832DD}.Debug|x86.ActiveCfg = Debug|Win32
		{5EAD2A9E-8CE8-4F2A-9604-D80E589832DD}.Debug|x86.Build.0 = Debug|Win32
		{5EAD2A9E-8CE8-4F2A-9604-D80E589832DD}.Release|x64.ActiveCfg = Release|x64
		{5EAD2A9E-8CE8-4F2A-9604-D80E589832DD}.Release|x64.Build.0 = Release|x64
		{5EAD2A9E-8CE8-4F2A-9604-D80E589832DD}.Release|x86.ActiveCfg = Release|Win32
		{5EAD2A9E-8CE8-4F2A-9604-D80E589832DD}.Release|x86.Build.0 = Release|Win32
	EndGlobalSection
	GlobalSection(SolutionProperties) = preSolution
		HideSolutionNode = FALSE
	EndGlobalSection
	GlobalSection(ExtensibilityGlobals) = postSolution
		SolutionGuid = {A677F729-9EA4-488C-A6CB-7A1B3A195A4E}
	EndGlobalSection
EndGlobal
